// !$*UTF8*$!
{
	archiveVersion = 1;
	classes = {
	};
	objectVersion = 50;
	objects = {

/* Begin PBXBuildFile section */
		FF4F3B01222FD9B8005FD25C /* AppDelegate.swift in Sources */ = {isa = PBXBuildFile; fileRef = FF4F3B00222FD9B8005FD25C /* AppDelegate.swift */; };
		FF4F3B03222FD9B8005FD25C /* ViewController.swift in Sources */ = {isa = PBXBuildFile; fileRef = FF4F3B02222FD9B8005FD25C /* ViewController.swift */; };
		FF4F3B06222FD9B8005FD25C /* Main.storyboard in Resources */ = {isa = PBXBuildFile; fileRef = FF4F3B04222FD9B8005FD25C /* Main.storyboard */; };
		FF4F3B08222FD9BB005FD25C /* Assets.xcassets in Resources */ = {isa = PBXBuildFile; fileRef = FF4F3B07222FD9BB005FD25C /* Assets.xcassets */; };
		FF4F3B0B222FD9BB005FD25C /* LaunchScreen.storyboard in Resources */ = {isa = PBXBuildFile; fileRef = FF4F3B09222FD9BB005FD25C /* LaunchScreen.storyboard */; };
/* End PBXBuildFile section */

/* Begin PBXFileReference section */
		FF4F3AFD222FD9B8005FD25C /* 有效的数独.app */ = {isa = PBXFileReference; explicitFileType = wrapper.application; includeInIndex = 0; path = "有效的数独.app"; sourceTree = BUILT_PRODUCTS_DIR; };
		FF4F3B00222FD9B8005FD25C /* AppDelegate.swift */ = {isa = PBXFileReference; lastKnownFileType = sourcecode.swift; path = AppDelegate.swift; sourceTree = "<group>"; };
		FF4F3B02222FD9B8005FD25C /* ViewController.swift */ = {isa = PBXFileReference; lastKnownFileType = sourcecode.swift; path = ViewController.swift; sourceTree = "<group>"; };
		FF4F3B05222FD9B8005FD25C /* Base */ = {isa = PBXFileReference; lastKnownFileType = file.storyboard; name = Base; path = Base.lproj/Main.storyboard; sourceTree = "<group>"; };
		FF4F3B07222FD9BB005FD25C /* Assets.xcassets */ = {isa = PBXFileReference; lastKnownFileType = folder.assetcatalog; path = Assets.xcassets; sourceTree = "<group>"; };
		FF4F3B0A222FD9BB005FD25C /* Base */ = {isa = PBXFileReference; lastKnownFileType = file.storyboard; name = Base; path = Base.lproj/LaunchScreen.storyboard; sourceTree = "<group>"; };
		FF4F3B0C222FD9BB005FD25C /* Info.plist */ = {isa = PBXFileReference; lastKnownFileType = text.plist.xml; path = Info.plist; sourceTree = "<group>"; };
/* End PBXFileReference section */

/* Begin PBXFrameworksBuildPhase section */
		FF4F3AFA222FD9B8005FD25C /* Frameworks */ = {
			isa = PBXFrameworksBuildPhase;
			buildActionMask = 2147483647;
			files = (
			);
			runOnlyForDeploymentPostprocessing = 0;
		};
/* End PBXFrameworksBuildPhase section */

/* Begin PBXGroup section */
		FF4F3AF4222FD9B8005FD25C = {
			isa = PBXGroup;
			children = (
				FF4F3AFF222FD9B8005FD25C /* 有效的数独 */,
				FF4F3AFE222FD9B8005FD25C /* Products */,
			);
			sourceTree = "<group>";
		};
		FF4F3AFE222FD9B8005FD25C /* Products */ = {
			isa = PBXGroup;
			children = (
				FF4F3AFD222FD9B8005FD25C /* 有效的数独.app */,
			);
			name = Products;
			sourceTree = "<group>";
		};
		FF4F3AFF222FD9B8005FD25C /* 有效的数独 */ = {
			isa = PBXGroup;
			children = (
				FF4F3B00222FD9B8005FD25C /* AppDelegate.swift */,
				FF4F3B02222FD9B8005FD25C /* ViewController.swift */,
				FF4F3B04222FD9B8005FD25C /* Main.storyboard */,
				FF4F3B07222FD9BB005FD25C /* Assets.xcassets */,
				FF4F3B09222FD9BB005FD25C /* LaunchScreen.storyboard */,
				FF4F3B0C222FD9BB005FD25C /* Info.plist */,
			);
			path = "有效的数独";
			sourceTree = "<group>";
		};
/* End PBXGroup section */

/* Begin PBXNativeTarget section */
		FF4F3AFC222FD9B8005FD25C /* 有效的数独 */ = {
			isa = PBXNativeTarget;
			buildConfigurationList = FF4F3B0F222FD9BB005FD25C /* Build configuration list for PBXNativeTarget "有效的数独" */;
			buildPhases = (
				FF4F3AF9222FD9B8005FD25C /* Sources */,
				FF4F3AFA222FD9B8005FD25C /* Frameworks */,
				FF4F3AFB222FD9B8005FD25C /* Resources */,
			);
			buildRules = (
			);
			dependencies = (
			);
			name = "有效的数独";
			productName = "有效的数独";
			productReference = FF4F3AFD222FD9B8005FD25C /* 有效的数独.app */;
			productType = "com.apple.product-type.application";
		};
/* End PBXNativeTarget section */

/* Begin PBXProject section */
		FF4F3AF5222FD9B8005FD25C /* Project object */ = {
			isa = PBXProject;
			attributes = {
				LastSwiftUpdateCheck = 1010;
				LastUpgradeCheck = 1010;
				ORGANIZATIONNAME = zzb;
				TargetAttributes = {
					FF4F3AFC222FD9B8005FD25C = {
						CreatedOnToolsVersion = 10.1;
					};
				};
			};
			buildConfigurationList = FF4F3AF8222FD9B8005FD25C /* Build configuration list for PBXProject "有效的数独" */;
			compatibilityVersion = "Xcode 9.3";
			developmentRegion = en;
			hasScannedForEncodings = 0;
			knownRegions = (
				en,
				Base,
			);
			mainGroup = FF4F3AF4222FD9B8005FD25C;
			productRefGroup = FF4F3AFE222FD9B8005FD25C /* Products */;
			projectDirPath = "";
			projectRoot = "";
			targets = (
				FF4F3AFC222FD9B8005FD25C /* 有效的数独 */,
			);
		};
/* End PBXProject section */

/* Begin PBXResourcesBuildPhase section */
		FF4F3AFB222FD9B8005FD25C /* Resources */ = {
			isa = PBXResourcesBuildPhase;
			buildActionMask = 2147483647;
			files = (
				FF4F3B0B222FD9BB005FD25C /* LaunchScreen.storyboard in Resources */,
				FF4F3B08222FD9BB005FD25C /* Assets.xcassets in Resources */,
				FF4F3B06222FD9B8005FD25C /* Main.storyboard in Resources */,
			);
			runOnlyForDeploymentPostprocessing = 0;
		};
/* End PBXResourcesBuildPhase section */

/* Begin PBXSourcesBuildPhase section */
		FF4F3AF9222FD9B8005FD25C /* Sources */ = {
			isa = PBXSourcesBuildPhase;
			buildActionMask = 2147483647;
			files = (
				FF4F3B03222FD9B8005FD25C /* ViewController.swift in Sources */,
				FF4F3B01222FD9B8005FD25C /* AppDelegate.swift in Sources */,
			);
			runOnlyForDeploymentPostprocessing = 0;
		};
/* End PBXSourcesBuildPhase section */

/* Begin PBXVariantGroup section */
		FF4F3B04222FD9B8005FD25C /* Main.storyboard */ = {
			isa = PBXVariantGroup;
			children = (
				FF4F3B05222FD9B8005FD25C /* Base */,
			);
			name = Main.storyboard;
			sourceTree = "<group>";
		};
		FF4F3B09222FD9BB005FD25C /* LaunchScreen.storyboard */ = {
			isa = PBXVariantGroup;
			children = (
				FF4F3B0A222FD9BB005FD25C /* Base */,
			);
			name = LaunchScreen.storyboard;
			sourceTree = "<group>";
		};
/* End PBXVariantGroup section */

/* Begin XCBuildConfiguration section */
		FF4F3B0D222FD9BB005FD25C /* Debug */ = {
			isa = XCBuildConfiguration;
			buildSettings = {
				ALWAYS_SEARCH_USER_PATHS = NO;
				CLANG_ANALYZER_NONNULL = YES;
				CLANG_ANALYZER_NUMBER_OBJECT_CONVERSION = YES_AGGRESSIVE;
				CLANG_CXX_LANGUAGE_STANDARD = "gnu++14";
				CLANG_CXX_LIBRARY = "libc++";
				CLANG_ENABLE_MODULES = YES;
				CLANG_ENABLE_OBJC_ARC = YES;
				CLANG_ENABLE_OBJC_WEAK = YES;
				CLANG_WARN_BLOCK_CAPTURE_AUTORELEASING = YES;
				CLANG_WARN_BOOL_CONVERSION = YES;
				CLANG_WARN_COMMA = YES;
				CLANG_WARN_CONSTANT_CONVERSION = YES;
				CLANG_WARN_DEPRECATED_OBJC_IMPLEMENTATIONS = YES;
				CLANG_WARN_DIRECT_OBJC_ISA_USAGE = YES_ERROR;
				CLANG_WARN_DOCUMENTATION_COMMENTS = YES;
				CLANG_WARN_EMPTY_BODY = YES;
				CLANG_WARN_ENUM_CONVERSION = YES;
				CLANG_WARN_INFINITE_RECURSION = YES;
				CLANG_WARN_INT_CONVERSION = YES;
				CLANG_WARN_NON_LITERAL_NULL_CONVERSION = YES;
				CLANG_WARN_OBJC_IMPLICIT_RETAIN_SELF = YES;
				CLANG_WARN_OBJC_LITERAL_CONVERSION = YES;
				CLANG_WARN_OBJC_ROOT_CLASS = YES_ERROR;
				CLANG_WARN_RANGE_LOOP_ANALYSIS = YES;
				CLANG_WARN_STRICT_PROTOTYPES = YES;
				CLANG_WARN_SUSPICIOUS_MOVE = YES;
				CLANG_WARN_UNGUARDED_AVAILABILITY = YES_AGGRESSIVE;
				CLANG_WARN_UNREACHABLE_CODE = YES;
				CLANG_WARN__DUPLICATE_METHOD_MATCH = YES;
				CODE_SIGN_IDENTITY = "iPhone Developer";
				COPY_PHASE_STRIP = NO;
				DEBUG_INFORMATION_FORMAT = dwarf;
				ENABLE_STRICT_OBJC_MSGSEND = YES;
				ENABLE_TESTABILITY = YES;
				GCC_C_LANGUAGE_STANDARD = gnu11;
				GCC_DYNAMIC_NO_PIC = NO;
				GCC_NO_COMMON_BLOCKS = YES;
				GCC_OPTIMIZATION_LEVEL = 0;
				GCC_PREPROCESSOR_DEFINITIONS = (
					"DEBUG=1",
					"$(inherited)",
				);
				GCC_WARN_64_TO_32_BIT_CONVERSION = YES;
				GCC_WARN_ABOUT_RETURN_TYPE = YES_ERROR;
				GCC_WARN_UNDECLARED_SELECTOR = YES;
				GCC_WARN_UNINITIALIZED_AUTOS = YES_AGGRESSIVE;
				GCC_WARN_UNUSED_FUNCTION = YES;
				GCC_WARN_UNUSED_VARIABLE = YES;
				IPHONEOS_DEPLOYMENT_TARGET = 12.1;
				MTL_ENABLE_DEBUG_INFO = INCLUDE_SOURCE;
				MTL_FAST_MATH = YES;
				ONLY_ACTIVE_ARCH = YES;
				SDKROOT = iphoneos;
				SWIFT_ACTIVE_COMPILATION_CONDITIONS = DEBUG;
				SWIFT_OPTIMIZATION_LEVEL = "-Onone";
			};
			name = Debug;
		};
		FF4F3B0E222FD9BB005FD25C /* Release */ = {
			isa = XCBuildConfiguration;
			buildSettings = {
				ALWAYS_SEARCH_USER_PATHS = NO;
				CLANG_ANALYZER_NONNULL = YES;
				CLANG_ANALYZER_NUMBER_OBJECT_CONVERSION = YES_AGGRESSIVE;
				CLANG_CXX_LANGUAGE_STANDARD = "gnu++14";
				CLANG_CXX_LIBRARY = "libc++";
				CLANG_ENABLE_MODULES = YES;
				CLANG_ENABLE_OBJC_ARC = YES;
				CLANG_ENABLE_OBJC_WEAK = YES;
				CLANG_WARN_BLOCK_CAPTURE_AUTORELEASING = YES;
				CLANG_WARN_BOOL_CONVERSION = YES;
				CLANG_WARN_COMMA = YES;
				CLANG_WARN_CONSTANT_CONVERSION = YES;
				CLANG_WARN_DEPRECATED_OBJC_IMPLEMENTATIONS = YES;
				CLANG_WARN_DIRECT_OBJC_ISA_USAGE = YES_ERROR;
				CLANG_WARN_DOCUMENTATION_COMMENTS = YES;
				CLANG_WARN_EMPTY_BODY = YES;
				CLANG_WARN_ENUM_CONVERSION = YES;
				CLANG_WARN_INFINITE_RECURSION = YES;
				CLANG_WARN_INT_CONVERSION = YES;
				CLANG_WARN_NON_LITERAL_NULL_CONVERSION = YES;
				CLANG_WARN_OBJC_IMPLICIT_RETAIN_SELF = YES;
				CLANG_WARN_OBJC_LITERAL_CONVERSION = YES;
				CLANG_WARN_OBJC_ROOT_CLASS = YES_ERROR;
				CLANG_WARN_RANGE_LOOP_ANALYSIS = YES;
				CLANG_WARN_STRICT_PROTOTYPES = YES;
				CLANG_WARN_SUSPICIOUS_MOVE = YES;
				CLANG_WARN_UNGUARDED_AVAILABILITY = YES_AGGRESSIVE;
				CLANG_WARN_UNREACHABLE_CODE = YES;
				CLANG_WARN__DUPLICATE_METHOD_MATCH = YES;
				CODE_SIGN_IDENTITY = "iPhone Developer";
				COPY_PHASE_STRIP = NO;
				DEBUG_INFORMATION_FORMAT = "dwarf-with-dsym";
				ENABLE_NS_ASSERTIONS = NO;
				ENABLE_STRICT_OBJC_MSGSEND = YES;
				GCC_C_LANGUAGE_STANDARD = gnu11;
				GCC_NO_COMMON_BLOCKS = YES;
				GCC_WARN_64_TO_32_BIT_CONVERSION = YES;
				GCC_WARN_ABOUT_RETURN_TYPE = YES_ERROR;
				GCC_WARN_UNDECLARED_SELECTOR = YES;
				GCC_WARN_UNINITIALIZED_AUTOS = YES_AGGRESSIVE;
				GCC_WARN_UNUSED_FUNCTION = YES;
				GCC_WARN_UNUSED_VARIABLE = YES;
				IPHONEOS_DEPLOYMENT_TARGET = 12.1;
				MTL_ENABLE_DEBUG_INFO = NO;
				MTL_FAST_MATH = YES;
				SDKROOT = iphoneos;
				SWIFT_COMPILATION_MODE = wholemodule;
				SWIFT_OPTIMIZATION_LEVEL = "-O";
				VALIDATE_PRODUCT = YES;
			};
			name = Release;
		};
		FF4F3B10222FD9BB005FD25C /* Debug */ = {
			isa = XCBuildConfiguration;
			buildSettings = {
				ASSETCATALOG_COMPILER_APPICON_NAME = AppIcon;
				CODE_SIGN_STYLE = Automatic;
				DEVELOPMENT_TEAM = Y5WX43KK4M;
				INFOPLIST_FILE = "有效的数独/Info.plist";
				LD_RUNPATH_SEARCH_PATHS = (
					"$(inherited)",
					"@executable_path/Frameworks",
				);
				PRODUCT_BUNDLE_IDENTIFIER = "zzb.com.-----";
				PRODUCT_NAME = "$(TARGET_NAME)";
				SWIFT_VERSION = 4.2;
				TARGETED_DEVICE_FAMILY = "1,2";
			};
			name = Debug;
		};
		FF4F3B11222FD9BB005FD25C /* Release */ = {
			isa = XCBuildConfiguration;
			buildSettings = {
				ASSETCATALOG_COMPILER_APPICON_NAME = AppIcon;
				CODE_SIGN_STYLE = Automatic;
				DEVELOPMENT_TEAM = Y5WX43KK4M;
				INFOPLIST_FILE = "有效的数独/Info.plist";
				LD_RUNPATH_SEARCH_PATHS = (
					"$(inherited)",
					"@executable_path/Frameworks",
				);
				PRODUCT_BUNDLE_IDENTIFIER = "zzb.com.-----";
				PRODUCT_NAME = "$(TARGET_NAME)";
				SWIFT_VERSION = 4.2;
				TARGETED_DEVICE_FAMILY = "1,2";
			};
			name = Release;
		};
/* End XCBuildConfiguration section */

/* Begin XCConfigurationList section */
		FF4F3AF8222FD9B8005FD25C /* Build configuration list for PBXProject "有效的数独" */ = {
			isa = XCConfigurationList;
			buildConfigurations = (
				FF4F3B0D222FD9BB005FD25C /* Debug */,
				FF4F3B0E222FD9BB005FD25C /* Release */,
			);
			defaultConfigurationIsVisible = 0;
			defaultConfigurationName = Release;
		};
		FF4F3B0F222FD9BB005FD25C /* Build configuration list for PBXNativeTarget "有效的数独" */ = {
			isa = XCConfigurationList;
			buildConfigurations = (
				FF4F3B10222FD9BB005FD25C /* Debug */,
				FF4F3B11222FD9BB005FD25C /* Release */,
			);
			defaultConfigurationIsVisible = 0;
			defaultConfigurationName = Release;
		};
/* End XCConfigurationList section */
	};
	rootObject = FF4F3AF5222FD9B8005FD25C /* Project object */;
}
