// !$*UTF8*$!
{
	archiveVersion = 1;
	classes = {
	};
	objectVersion = 50;
	objects = {

/* Begin PBXBuildFile section */
		FF85EFD020F2FF57003CBA05 /* AppDelegate.swift in Sources */ = {isa = PBXBuildFile; fileRef = FF85EFCF20F2FF57003CBA05 /* AppDelegate.swift */; };
		FF85EFD220F2FF57003CBA05 /* ViewController.swift in Sources */ = {isa = PBXBuildFile; fileRef = FF85EFD120F2FF57003CBA05 /* ViewController.swift */; };
		FF85EFD520F2FF57003CBA05 /* Main.storyboard in Resources */ = {isa = PBXBuildFile; fileRef = FF85EFD320F2FF57003CBA05 /* Main.storyboard */; };
		FF85EFD720F2FF59003CBA05 /* Assets.xcassets in Resources */ = {isa = PBXBuildFile; fileRef = FF85EFD620F2FF59003CBA05 /* Assets.xcassets */; };
		FF85EFDA20F2FF59003CBA05 /* LaunchScreen.storyboard in Resources */ = {isa = PBXBuildFile; fileRef = FF85EFD820F2FF59003CBA05 /* LaunchScreen.storyboard */; };
/* End PBXBuildFile section */

/* Begin PBXFileReference section */
		FF85EFCC20F2FF57003CBA05 /* 只出现一次的数字.app */ = {isa = PBXFileReference; explicitFileType = wrapper.application; includeInIndex = 0; path = "只出现一次的数字.app"; sourceTree = BUILT_PRODUCTS_DIR; };
		FF85EFCF20F2FF57003CBA05 /* AppDelegate.swift */ = {isa = PBXFileReference; lastKnownFileType = sourcecode.swift; path = AppDelegate.swift; sourceTree = "<group>"; };
		FF85EFD120F2FF57003CBA05 /* ViewController.swift */ = {isa = PBXFileReference; lastKnownFileType = sourcecode.swift; path = ViewController.swift; sourceTree = "<group>"; };
		FF85EFD420F2FF57003CBA05 /* Base */ = {isa = PBXFileReference; lastKnownFileType = file.storyboard; name = Base; path = Base.lproj/Main.storyboard; sourceTree = "<group>"; };
		FF85EFD620F2FF59003CBA05 /* Assets.xcassets */ = {isa = PBXFileReference; lastKnownFileType = folder.assetcatalog; path = Assets.xcassets; sourceTree = "<group>"; };
		FF85EFD920F2FF59003CBA05 /* Base */ = {isa = PBXFileReference; lastKnownFileType = file.storyboard; name = Base; path = Base.lproj/LaunchScreen.storyboard; sourceTree = "<group>"; };
		FF85EFDB20F2FF59003CBA05 /* Info.plist */ = {isa = PBXFileReference; lastKnownFileType = text.plist.xml; path = Info.plist; sourceTree = "<group>"; };
/* End PBXFileReference section */

/* Begin PBXFrameworksBuildPhase section */
		FF85EFC920F2FF57003CBA05 /* Frameworks */ = {
			isa = PBXFrameworksBuildPhase;
			buildActionMask = 2147483647;
			files = (
			);
			runOnlyForDeploymentPostprocessing = 0;
		};
/* End PBXFrameworksBuildPhase section */

/* Begin PBXGroup section */
		FF85EFC320F2FF57003CBA05 = {
			isa = PBXGroup;
			children = (
				FF85EFCE20F2FF57003CBA05 /* 只出现一次的数字 */,
				FF85EFCD20F2FF57003CBA05 /* Products */,
			);
			sourceTree = "<group>";
		};
		FF85EFCD20F2FF57003CBA05 /* Products */ = {
			isa = PBXGroup;
			children = (
				FF85EFCC20F2FF57003CBA05 /* 只出现一次的数字.app */,
			);
			name = Products;
			sourceTree = "<group>";
		};
		FF85EFCE20F2FF57003CBA05 /* 只出现一次的数字 */ = {
			isa = PBXGroup;
			children = (
				FF85EFCF20F2FF57003CBA05 /* AppDelegate.swift */,
				FF85EFD120F2FF57003CBA05 /* ViewController.swift */,
				FF85EFD320F2FF57003CBA05 /* Main.storyboard */,
				FF85EFD620F2FF59003CBA05 /* Assets.xcassets */,
				FF85EFD820F2FF59003CBA05 /* LaunchScreen.storyboard */,
				FF85EFDB20F2FF59003CBA05 /* Info.plist */,
			);
			path = "只出现一次的数字";
			sourceTree = "<group>";
		};
/* End PBXGroup section */

/* Begin PBXNativeTarget section */
		FF85EFCB20F2FF57003CBA05 /* 只出现一次的数字 */ = {
			isa = PBXNativeTarget;
			buildConfigurationList = FF85EFDE20F2FF59003CBA05 /* Build configuration list for PBXNativeTarget "只出现一次的数字" */;
			buildPhases = (
				FF85EFC820F2FF57003CBA05 /* Sources */,
				FF85EFC920F2FF57003CBA05 /* Frameworks */,
				FF85EFCA20F2FF57003CBA05 /* Resources */,
			);
			buildRules = (
			);
			dependencies = (
			);
			name = "只出现一次的数字";
			productName = "只出现一次的数字";
			productReference = FF85EFCC20F2FF57003CBA05 /* 只出现一次的数字.app */;
			productType = "com.apple.product-type.application";
		};
/* End PBXNativeTarget section */

/* Begin PBXProject section */
		FF85EFC420F2FF57003CBA05 /* Project object */ = {
			isa = PBXProject;
			attributes = {
				LastSwiftUpdateCheck = 0940;
				LastUpgradeCheck = 0940;
				ORGANIZATIONNAME = bigfish;
				TargetAttributes = {
					FF85EFCB20F2FF57003CBA05 = {
						CreatedOnToolsVersion = 9.4.1;
					};
				};
			};
			buildConfigurationList = FF85EFC720F2FF57003CBA05 /* Build configuration list for PBXProject "只出现一次的数字" */;
			compatibilityVersion = "Xcode 9.3";
			developmentRegion = en;
			hasScannedForEncodings = 0;
			knownRegions = (
				en,
				Base,
			);
			mainGroup = FF85EFC320F2FF57003CBA05;
			productRefGroup = FF85EFCD20F2FF57003CBA05 /* Products */;
			projectDirPath = "";
			projectRoot = "";
			targets = (
				FF85EFCB20F2FF57003CBA05 /* 只出现一次的数字 */,
			);
		};
/* End PBXProject section */

/* Begin PBXResourcesBuildPhase section */
		FF85EFCA20F2FF57003CBA05 /* Resources */ = {
			isa = PBXResourcesBuildPhase;
			buildActionMask = 2147483647;
			files = (
				FF85EFDA20F2FF59003CBA05 /* LaunchScreen.storyboard in Resources */,
				FF85EFD720F2FF59003CBA05 /* Assets.xcassets in Resources */,
				FF85EFD520F2FF57003CBA05 /* Main.storyboard in Resources */,
			);
			runOnlyForDeploymentPostprocessing = 0;
		};
/* End PBXResourcesBuildPhase section */

/* Begin PBXSourcesBuildPhase section */
		FF85EFC820F2FF57003CBA05 /* Sources */ = {
			isa = PBXSourcesBuildPhase;
			buildActionMask = 2147483647;
			files = (
				FF85EFD220F2FF57003CBA05 /* ViewController.swift in Sources */,
				FF85EFD020F2FF57003CBA05 /* AppDelegate.swift in Sources */,
			);
			runOnlyForDeploymentPostprocessing = 0;
		};
/* End PBXSourcesBuildPhase section */

/* Begin PBXVariantGroup section */
		FF85EFD320F2FF57003CBA05 /* Main.storyboard */ = {
			isa = PBXVariantGroup;
			children = (
				FF85EFD420F2FF57003CBA05 /* Base */,
			);
			name = Main.storyboard;
			sourceTree = "<group>";
		};
		FF85EFD820F2FF59003CBA05 /* LaunchScreen.storyboard */ = {
			isa = PBXVariantGroup;
			children = (
				FF85EFD920F2FF59003CBA05 /* Base */,
			);
			name = LaunchScreen.storyboard;
			sourceTree = "<group>";
		};
/* End PBXVariantGroup section */

/* Begin XCBuildConfiguration section */
		FF85EFDC20F2FF59003CBA05 /* Debug */ = {
			isa = XCBuildConfiguration;
			buildSettings = {
				ALWAYS_SEARCH_USER_PATHS = NO;
				CLANG_ANALYZER_NONNULL = YES;
				CLANG_ANALYZER_NUMBER_OBJECT_CONVERSION = YES_AGGRESSIVE;
				CLANG_CXX_LANGUAGE_STANDARD = "gnu++14";
				CLANG_CXX_LIBRARY = "libc++";
				CLANG_ENABLE_MODULES = YES;
				CLANG_ENABLE_OBJC_ARC = YES;
				CLANG_ENABLE_OBJC_WEAK = YES;
				CLANG_WARN_BLOCK_CAPTURE_AUTORELEASING = YES;
				CLANG_WARN_BOOL_CONVERSION = YES;
				CLANG_WARN_COMMA = YES;
				CLANG_WARN_CONSTANT_CONVERSION = YES;
				CLANG_WARN_DEPRECATED_OBJC_IMPLEMENTATIONS = YES;
				CLANG_WARN_DIRECT_OBJC_ISA_USAGE = YES_ERROR;
				CLANG_WARN_DOCUMENTATION_COMMENTS = YES;
				CLANG_WARN_EMPTY_BODY = YES;
				CLANG_WARN_ENUM_CONVERSION = YES;
				CLANG_WARN_INFINITE_RECURSION = YES;
				CLANG_WARN_INT_CONVERSION = YES;
				CLANG_WARN_NON_LITERAL_NULL_CONVERSION = YES;
				CLANG_WARN_OBJC_IMPLICIT_RETAIN_SELF = YES;
				CLANG_WARN_OBJC_LITERAL_CONVERSION = YES;
				CLANG_WARN_OBJC_ROOT_CLASS = YES_ERROR;
				CLANG_WARN_RANGE_LOOP_ANALYSIS = YES;
				CLANG_WARN_STRICT_PROTOTYPES = YES;
				CLANG_WARN_SUSPICIOUS_MOVE = YES;
				CLANG_WARN_UNGUARDED_AVAILABILITY = YES_AGGRESSIVE;
				CLANG_WARN_UNREACHABLE_CODE = YES;
				CLANG_WARN__DUPLICATE_METHOD_MATCH = YES;
				CODE_SIGN_IDENTITY = "iPhone Developer";
				COPY_PHASE_STRIP = NO;
				DEBUG_INFORMATION_FORMAT = dwarf;
				ENABLE_STRICT_OBJC_MSGSEND = YES;
				ENABLE_TESTABILITY = YES;
				GCC_C_LANGUAGE_STANDARD = gnu11;
				GCC_DYNAMIC_NO_PIC = NO;
				GCC_NO_COMMON_BLOCKS = YES;
				GCC_OPTIMIZATION_LEVEL = 0;
				GCC_PREPROCESSOR_DEFINITIONS = (
					"DEBUG=1",
					"$(inherited)",
				);
				GCC_WARN_64_TO_32_BIT_CONVERSION = YES;
				GCC_WARN_ABOUT_RETURN_TYPE = YES_ERROR;
				GCC_WARN_UNDECLARED_SELECTOR = YES;
				GCC_WARN_UNINITIALIZED_AUTOS = YES_AGGRESSIVE;
				GCC_WARN_UNUSED_FUNCTION = YES;
				GCC_WARN_UNUSED_VARIABLE = YES;
				IPHONEOS_DEPLOYMENT_TARGET = 11.4;
				MTL_ENABLE_DEBUG_INFO = YES;
				ONLY_ACTIVE_ARCH = YES;
				SDKROOT = iphoneos;
				SWIFT_ACTIVE_COMPILATION_CONDITIONS = DEBUG;
				SWIFT_OPTIMIZATION_LEVEL = "-Onone";
			};
			name = Debug;
		};
		FF85EFDD20F2FF59003CBA05 /* Release */ = {
			isa = XCBuildConfiguration;
			buildSettings = {
				ALWAYS_SEARCH_USER_PATHS = NO;
				CLANG_ANALYZER_NONNULL = YES;
				CLANG_ANALYZER_NUMBER_OBJECT_CONVERSION = YES_AGGRESSIVE;
				CLANG_CXX_LANGUAGE_STANDARD = "gnu++14";
				CLANG_CXX_LIBRARY = "libc++";
				CLANG_ENABLE_MODULES = YES;
				CLANG_ENABLE_OBJC_ARC = YES;
				CLANG_ENABLE_OBJC_WEAK = YES;
				CLANG_WARN_BLOCK_CAPTURE_AUTORELEASING = YES;
				CLANG_WARN_BOOL_CONVERSION = YES;
				CLANG_WARN_COMMA = YES;
				CLANG_WARN_CONSTANT_CONVERSION = YES;
				CLANG_WARN_DEPRECATED_OBJC_IMPLEMENTATIONS = YES;
				CLANG_WARN_DIRECT_OBJC_ISA_USAGE = YES_ERROR;
				CLANG_WARN_DOCUMENTATION_COMMENTS = YES;
				CLANG_WARN_EMPTY_BODY = YES;
				CLANG_WARN_ENUM_CONVERSION = YES;
				CLANG_WARN_INFINITE_RECURSION = YES;
				CLANG_WARN_INT_CONVERSION = YES;
				CLANG_WARN_NON_LITERAL_NULL_CONVERSION = YES;
				CLANG_WARN_OBJC_IMPLICIT_RETAIN_SELF = YES;
				CLANG_WARN_OBJC_LITERAL_CONVERSION = YES;
				CLANG_WARN_OBJC_ROOT_CLASS = YES_ERROR;
				CLANG_WARN_RANGE_LOOP_ANALYSIS = YES;
				CLANG_WARN_STRICT_PROTOTYPES = YES;
				CLANG_WARN_SUSPICIOUS_MOVE = YES;
				CLANG_WARN_UNGUARDED_AVAILABILITY = YES_AGGRESSIVE;
				CLANG_WARN_UNREACHABLE_CODE = YES;
				CLANG_WARN__DUPLICATE_METHOD_MATCH = YES;
				CODE_SIGN_IDENTITY = "iPhone Developer";
				COPY_PHASE_STRIP = NO;
				DEBUG_INFORMATION_FORMAT = "dwarf-with-dsym";
				ENABLE_NS_ASSERTIONS = NO;
				ENABLE_STRICT_OBJC_MSGSEND = YES;
				GCC_C_LANGUAGE_STANDARD = gnu11;
				GCC_NO_COMMON_BLOCKS = YES;
				GCC_WARN_64_TO_32_BIT_CONVERSION = YES;
				GCC_WARN_ABOUT_RETURN_TYPE = YES_ERROR;
				GCC_WARN_UNDECLARED_SELECTOR = YES;
				GCC_WARN_UNINITIALIZED_AUTOS = YES_AGGRESSIVE;
				GCC_WARN_UNUSED_FUNCTION = YES;
				GCC_WARN_UNUSED_VARIABLE = YES;
				IPHONEOS_DEPLOYMENT_TARGET = 11.4;
				MTL_ENABLE_DEBUG_INFO = NO;
				SDKROOT = iphoneos;
				SWIFT_COMPILATION_MODE = wholemodule;
				SWIFT_OPTIMIZATION_LEVEL = "-O";
				VALIDATE_PRODUCT = YES;
			};
			name = Release;
		};
		FF85EFDF20F2FF59003CBA05 /* Debug */ = {
			isa = XCBuildConfiguration;
			buildSettings = {
				ASSETCATALOG_COMPILER_APPICON_NAME = AppIcon;
				CODE_SIGN_STYLE = Automatic;
				INFOPLIST_FILE = "只出现一次的数字/Info.plist";
				LD_RUNPATH_SEARCH_PATHS = (
					"$(inherited)",
					"@executable_path/Frameworks",
				);
				PRODUCT_BUNDLE_IDENTIFIER = "bigfish.--------";
				PRODUCT_NAME = "$(TARGET_NAME)";
				SWIFT_VERSION = 4.0;
				TARGETED_DEVICE_FAMILY = "1,2";
			};
			name = Debug;
		};
		FF85EFE020F2FF59003CBA05 /* Release */ = {
			isa = XCBuildConfiguration;
			buildSettings = {
				ASSETCATALOG_COMPILER_APPICON_NAME = AppIcon;
				CODE_SIGN_STYLE = Automatic;
				INFOPLIST_FILE = "只出现一次的数字/Info.plist";
				LD_RUNPATH_SEARCH_PATHS = (
					"$(inherited)",
					"@executable_path/Frameworks",
				);
				PRODUCT_BUNDLE_IDENTIFIER = "bigfish.--------";
				PRODUCT_NAME = "$(TARGET_NAME)";
				SWIFT_VERSION = 4.0;
				TARGETED_DEVICE_FAMILY = "1,2";
			};
			name = Release;
		};
/* End XCBuildConfiguration section */

/* Begin XCConfigurationList section */
		FF85EFC720F2FF57003CBA05 /* Build configuration list for PBXProject "只出现一次的数字" */ = {
			isa = XCConfigurationList;
			buildConfigurations = (
				FF85EFDC20F2FF59003CBA05 /* Debug */,
				FF85EFDD20F2FF59003CBA05 /* Release */,
			);
			defaultConfigurationIsVisible = 0;
			defaultConfigurationName = Release;
		};
		FF85EFDE20F2FF59003CBA05 /* Build configuration list for PBXNativeTarget "只出现一次的数字" */ = {
			isa = XCConfigurationList;
			buildConfigurations = (
				FF85EFDF20F2FF59003CBA05 /* Debug */,
				FF85EFE020F2FF59003CBA05 /* Release */,
			);
			defaultConfigurationIsVisible = 0;
			defaultConfigurationName = Release;
		};
/* End XCConfigurationList section */
	};
	rootObject = FF85EFC420F2FF57003CBA05 /* Project object */;
}
